
Microsoft Visual Studio Solution File, Format Version 12.00
# Visual Studio Version 16
VisualStudioVersion = 16.0.30204.135
MinimumVisualStudioVersion = 10.0.40219.1
Project("{FAE04EC0-301F-11D3-BF4B-00C04F79EFBC}") = "WorkflowLab", "WorkflowLab\WorkflowLab.csproj", "{58C81A01-5587-4863-94BB-1862BE8C0841}"
EndProject
Project("{FAE04EC0-301F-11D3-BF4B-00C04F79EFBC}") = "DatabaseModel", "DatabaseModel\DatabaseModel.csproj", "{5D139461-E808-4630-B0BA-7856B7CD06F9}"
EndProject
Global
	GlobalSection(SolutionConfigurationPlatforms) = preSolution
		Debug|Any CPU = Debug|Any CPU
		Release|Any CPU = Release|Any CPU
	EndGlobalSection
	GlobalSection(ProjectConfigurationPlatforms) = postSolution
		{58C81A01-5587-4863-94BB-1862BE8C0841}.Debug|Any CPU.ActiveCfg = Debug|Any CPU
		{58C81A01-5587-4863-94BB-1862BE8C0841}.Debug|Any CPU.Build.0 = Debug|Any CPU
		{58C81A01-5587-4863-94BB-1862BE8C0841}.Release|Any CPU.ActiveCfg = Release|Any CPU
		{58C81A01-5587-4863-94BB-1862BE8C0841}.Release|Any CPU.Build.0 = Release|Any CPU
		{5D139461-E808-4630-B0BA-7856B7CD06F9}.Debug|Any CPU.ActiveCfg = Debug|Any CPU
		{5D139461-E808-4630-B0BA-7856B7CD06F9}.Debug|Any CPU.Build.0 = Debug|Any CPU
		{5D139461-E808-4630-B0BA-7856B7CD06F9}.Release|Any CPU.ActiveCfg = Release|Any CPU
		{5D139461-E808-4630-B0BA-7856B7CD06F9}.Release|Any CPU.Build.0 = Release|Any CPU
	EndGlobalSection
	GlobalSection(SolutionProperties) = preSolution
		HideSolutionNode = FALSE
	EndGlobalSection
	GlobalSection(ExtensibilityGlobals) = postSolution
		SolutionGuid = {4C5520FF-075B-4BFF-8ED8-687A59716060}
	EndGlobalSection
EndGlobal
